
Microsoft Visual Studio Solution File, Format Version 12.00
Project("{FAE04EC0-301F-11D3-BF4B-00C04F79EFBC}") = "Xerris.DotNet.Data", "src\Xerris.DotNet.Data\Xerris.DotNet.Data.csproj", "{97E85354-B46C-4DA3-A7F4-BC35C13874D9}"
EndProject
Project("{2150E333-8FDC-42A3-9474-1A3956D46DE8}") = "Solution", "Solution", "{090740F2-87A6-47A3-8262-A7F70474B429}"
	ProjectSection(SolutionItems) = preProject
		.nuget.config = .nuget.config
	EndProjectSection
EndProject
Project("{2150E333-8FDC-42A3-9474-1A3956D46DE8}") = "github", "github", "{1AC18BC1-E8FF-4719-8D20-CB6484BB2678}"
EndProject
Project("{2150E333-8FDC-42A3-9474-1A3956D46DE8}") = "workflows", "workflows", "{95BC4259-4BB9-4180-929E-D73C8B6A77B3}"
	ProjectSection(SolutionItems) = preProject
		.github\workflows\ci-build.yml = .github\workflows\ci-build.yml
		.github\workflows\build-and-publish.yml = .github\workflows\build-and-publish.yml
	EndProjectSection
EndProject
Project("{FAE04EC0-301F-11D3-BF4B-00C04F79EFBC}") = "Xerris.DotNet.Data.Tests", "src\Xerris.DotNet.Data.Tests\Xerris.DotNet.Data.Tests.csproj", "{66FCABBB-E1D2-4C0B-81C9-BB7D4D296FD3}"
EndProject
Global
	GlobalSection(SolutionConfigurationPlatforms) = preSolution
		Debug|Any CPU = Debug|Any CPU
		Release|Any CPU = Release|Any CPU
	EndGlobalSection
	GlobalSection(ProjectConfigurationPlatforms) = postSolution
		{97E85354-B46C-4DA3-A7F4-BC35C13874D9}.Debug|Any CPU.ActiveCfg = Debug|Any CPU
		{97E85354-B46C-4DA3-A7F4-BC35C13874D9}.Debug|Any CPU.Build.0 = Debug|Any CPU
		{97E85354-B46C-4DA3-A7F4-BC35C13874D9}.Release|Any CPU.ActiveCfg = Release|Any CPU
		{97E85354-B46C-4DA3-A7F4-BC35C13874D9}.Release|Any CPU.Build.0 = Release|Any CPU
		{66FCABBB-E1D2-4C0B-81C9-BB7D4D296FD3}.Debug|Any CPU.ActiveCfg = Debug|Any CPU
		{66FCABBB-E1D2-4C0B-81C9-BB7D4D296FD3}.Debug|Any CPU.Build.0 = Debug|Any CPU
		{66FCABBB-E1D2-4C0B-81C9-BB7D4D296FD3}.Release|Any CPU.ActiveCfg = Release|Any CPU
		{66FCABBB-E1D2-4C0B-81C9-BB7D4D296FD3}.Release|Any CPU.Build.0 = Release|Any CPU
	EndGlobalSection
	GlobalSection(NestedProjects) = preSolution
		{1AC18BC1-E8FF-4719-8D20-CB6484BB2678} = {090740F2-87A6-47A3-8262-A7F70474B429}
		{95BC4259-4BB9-4180-929E-D73C8B6A77B3} = {1AC18BC1-E8FF-4719-8D20-CB6484BB2678}
	EndGlobalSection
EndGlobal
